
Microsoft Visual Studio Solution File, Format Version 12.00
# Visual Studio Version 17
VisualStudioVersion = 17.7.34024.191
MinimumVisualStudioVersion = 10.0.40219.1
Project("{9A19103F-16F7-4668-BE54-9A1E7A4F7556}") = "ParkingMS", "ParkingMS\ParkingMS.csproj", "{0884FB51-1A32-4470-AC41-A36ABB289D93}"
EndProject
Project("{9A19103F-16F7-4668-BE54-9A1E7A4F7556}") = "ULControls", "..\ULControls\ULControls.csproj", "{6F4B113B-A925-4D04-AFFE-518B14CA124F}"
EndProject
Global
	GlobalSection(SolutionConfigurationPlatforms) = preSolution
		Debug|Any CPU = Debug|Any CPU
		Release|Any CPU = Release|Any CPU
	EndGlobalSection
	GlobalSection(ProjectConfigurationPlatforms) = postSolution
		{0884FB51-1A32-4470-AC41-A36ABB289D93}.Debug|Any CPU.ActiveCfg = Debug|Any CPU
		{0884FB51-1A32-4470-AC41-A36ABB289D93}.Debug|Any CPU.Build.0 = Debug|Any CPU
		{0884FB51-1A32-4470-AC41-A36ABB289D93}.Release|Any CPU.ActiveCfg = Release|Any CPU
		{0884FB51-1A32-4470-AC41-A36ABB289D93}.Release|Any CPU.Build.0 = Release|Any CPU
		{6F4B113B-A925-4D04-AFFE-518B14CA124F}.Debug|Any CPU.ActiveCfg = Debug|Any CPU
		{6F4B113B-A925-4D04-AFFE-518B14CA124F}.Debug|Any CPU.Build.0 = Debug|Any CPU
		{6F4B113B-A925-4D04-AFFE-518B14CA124F}.Release|Any CPU.ActiveCfg = Release|Any CPU
		{6F4B113B-A925-4D04-AFFE-518B14CA124F}.Release|Any CPU.Build.0 = Release|Any CPU
	EndGlobalSection
	GlobalSection(SolutionProperties) = preSolution
		HideSolutionNode = FALSE
	EndGlobalSection
	GlobalSection(ExtensibilityGlobals) = postSolution
		SolutionGuid = {83D4B15A-B421-4984-8E30-EC5262B14D01}
	EndGlobalSection
EndGlobal
